{
  "name": "BandSpace",
  "version": "0.1.0",
  "lockfileVersion": 1,
  "requires": true,
  "dependencies": {
    "axios": {
      "version": "0.18.1",
      "resolved": "https://registry.npmjs.org/axios/-/axios-0.18.1.tgz",
      "integrity": "sha512-0BfJq4NSfQXd+SkFdrvFbG7addhYSBA2mQwISr46pD6E5iqkWg02RAs8vyTT/j0RTnoYmeXauBuSv1qKwR179g==",
      "requires": {
        "follow-redirects": "1.5.10",
        "is-buffer": "^2.0.2"
      },
      "dependencies": {
        "debug": {
          "version": "3.1.0",
          "resolved": "https://registry.npmjs.org/debug/-/debug-3.1.0.tgz",
          "integrity": "sha512-OX8XqP7/1a9cqkxYw2yXss15f26NKWBpDXQd0/uK/KPqdQhxbPa994hnzjcE2VqQpDslf55723cKPUOGSmMY3g==",
          "requires": {
            "ms": "2.0.0"
          }
        },
        "follow-redirects": {
          "version": "1.5.10",
          "resolved": "https://registry.npmjs.org/follow-redirects/-/follow-redirects-1.5.10.tgz",
          "integrity": "sha512-0V5l4Cizzvqt5D44aTXbFZz+FtyXV1vrDN6qrelxtfYQKW0KO0W2T/hkE8xvGa/540LkZlkaUjO4ailYTFtHVQ==",
          "requires": {
            "debug": "=3.1.0"
          }
        },
        "is-buffer": {
          "version": "2.0.3",
          "resolved": "https://registry.npmjs.org/is-buffer/-/is-buffer-2.0.3.tgz",
          "integrity": "sha512-U15Q7MXTuZlrbymiz95PJpZxu8IlipAp4dtS3wOdgPXx3mqBnslrWU14kxfHB+Py/+2PVKSr37dMAgM2A4uArw=="
        }
      }
    },
    "bcrypt-nodejs": {
      "version": "0.0.3",
      "resolved": "https://registry.npmjs.org/bcrypt-nodejs/-/bcrypt-nodejs-0.0.3.tgz",
      "integrity": "sha1-xgkX8m3CNWYVZsaBBhwwPCsohCs="
    },
    "body-parser": {
      "version": "1.17.2",
      "resolved": "https://registry.npmjs.org/body-parser/-/body-parser-1.17.2.tgz",
      "integrity": "sha1-+IkqvI+eYn1Crtr7yma/WrmRBO4=",
      "dependencies": {
        "debug": {
          "version": "2.6.7",
          "resolved": "https://registry.npmjs.org/debug/-/debug-2.6.7.tgz",
          "integrity": "sha1-krrR9tBbu2u6Isyoi80OyJTChh4="
        }
      }
    },
    "concurrently": {
      "version": "3.5.0",
      "resolved": "https://registry.npmjs.org/concurrently/-/concurrently-3.5.0.tgz",
      "integrity": "sha1-jPG3cHppFqeKT/W3e7BN7FSzebI="
    },
    "connect-flash": {
      "version": "0.1.1",
      "resolved": "https://registry.npmjs.org/connect-flash/-/connect-flash-0.1.1.tgz",
      "integrity": "sha1-2GMPJtlaf4UfmVax6MxnMvO2qjA="
    },
    "cookie-parser": {
      "version": "1.4.3",
      "resolved": "https://registry.npmjs.org/cookie-parser/-/cookie-parser-1.4.3.tgz",
      "integrity": "sha1-D+MfoZ0AC5X0qt8fU/3CuKIDuqU="
    },
    "dotenv-safe": {
      "version": "4.0.4",
      "resolved": "https://registry.npmjs.org/dotenv-safe/-/dotenv-safe-4.0.4.tgz",
      "integrity": "sha1-iw587Y5wsdPF2HTvlCDkBvOUJbM="
    },
    "express": {
      "version": "4.15.3",
      "resolved": "https://registry.npmjs.org/express/-/express-4.15.3.tgz",
      "integrity": "sha1-urZdDwOqgMNYQIly/HAPkWlEtmI=",
      "dependencies": {
        "debug": {
          "version": "2.6.7",
          "resolved": "https://registry.npmjs.org/debug/-/debug-2.6.7.tgz",
          "integrity": "sha1-krrR9tBbu2u6Isyoi80OyJTChh4="
        }
      }
    },
    "express-session": {
      "version": "1.15.4",
      "resolved": "https://registry.npmjs.org/express-session/-/express-session-1.15.4.tgz",
      "integrity": "sha1-Xizc9t7+PB7aTpgPE7mGzFjPuVQ="
    },
    "faker": {
      "version": "4.1.0",
      "resolved": "https://registry.npmjs.org/faker/-/faker-4.1.0.tgz",
      "integrity": "sha1-HkW7vsxndLPBlfrSg1EJxtdIzD8="
    },
    "flash": {
      "version": "1.1.0",
      "resolved": "https://registry.npmjs.org/flash/-/flash-1.1.0.tgz",
      "integrity": "sha1-irKyntO2ilz7Gom/mOf2nX8aAgo="
    },
    "helmet": {
      "version": "3.8.1",
      "resolved": "https://registry.npmjs.org/helmet/-/helmet-3.8.1.tgz",
      "integrity": "sha512-HzcpQ74kE1gNFvTd8fI/Nz2N0b0Aa/38dSiSVt/ijkwjc50tUp5siXTE9lTBibQ4JlRzp/35Qf+j2bZgHYwg1g=="
    },
    "json-schema-faker": {
      "version": "0.4.3",
      "resolved": "https://registry.npmjs.org/json-schema-faker/-/json-schema-faker-0.4.3.tgz",
      "integrity": "sha512-t/e7JzYLopEg67SksHoCue8cErIue3ZBCAYjvj9dSbR7RyIcaHgkF7911hGy5oZVobIssKVqodM94nI6p4gD/w==",
      "dependencies": {
        "faker": {
          "version": "3.0.1",
          "resolved": "https://registry.npmjs.org/faker/-/faker-3.0.1.tgz",
          "integrity": "sha1-w2J4zUI/PFN1vCcEZqIjSFwOe7I="
        }
      }
    },
    "jsonwebtoken": {
      "version": "7.4.1",
      "resolved": "https://registry.npmjs.org/jsonwebtoken/-/jsonwebtoken-7.4.1.tgz",
      "integrity": "sha1-fKMk9SFfi+A5zTWmxFu4y3SkSPs="
    },
    "lodash": {
      "version": "4.17.4",
      "resolved": "https://registry.npmjs.org/lodash/-/lodash-4.17.4.tgz",
      "integrity": "sha1-eCA6TRwyiuHYbcpkYONptX9AVa4="
    },
    "mongoose": {
      "version": "4.11.4",
      "resolved": "https://registry.npmjs.org/mongoose/-/mongoose-4.11.4.tgz",
      "integrity": "sha1-PXQREQXui2GescHXkOe/xOjLp7s="
    },
    "mongoose-deep-populate": {
      "version": "3.0.0",
      "resolved": "https://registry.npmjs.org/mongoose-deep-populate/-/mongoose-deep-populate-3.0.0.tgz",
      "integrity": "sha1-gQDQaYsiEcZGpukkQaZm1EQXH6A="
    },
    "mongoose-find-or-create": {
      "version": "1.3.1",
      "resolved": "https://registry.npmjs.org/mongoose-find-or-create/-/mongoose-find-or-create-1.3.1.tgz",
      "integrity": "sha512-eS5mkEMFYmP0krwTqKjFHwJTpRjLAxiHEG3cbBf9rEaAYsH0NVLgWF8ipaSyWM4c2gnh4nzR4VCUpkaVJFbTyg=="
    },
    "mongoose-relationship": {
      "version": "0.1.5",
      "resolved": "https://registry.npmjs.org/mongoose-relationship/-/mongoose-relationship-0.1.5.tgz",
      "integrity": "sha1-KpX96uQfKVqB2bMn+tHPZK8Twno=",
      "dependencies": {
        "async": {
          "version": "0.2.10",
          "resolved": "https://registry.npmjs.org/async/-/async-0.2.10.tgz",
          "integrity": "sha1-trvgsGdLnXGXCMo43owjfLUmw9E="
        },
        "lodash": {
          "version": "3.10.1",
          "resolved": "https://registry.npmjs.org/lodash/-/lodash-3.10.1.tgz",
          "integrity": "sha1-W/Rejkm6QYnhfUgnid/RW9FAt7Y="
        }
      }
    },
    "morgan": {
      "version": "1.8.2",
      "resolved": "https://registry.npmjs.org/morgan/-/morgan-1.8.2.tgz",
      "integrity": "sha1-eErHc05KRTqcbm6GgKkyknXItoc="
    },
    "ms": {
      "version": "2.0.0",
      "resolved": "https://registry.npmjs.org/ms/-/ms-2.0.0.tgz",
      "integrity": "sha1-VgiurfwAvmwpAd9fmGF4jeDVl8g="
    },
    "passport": {
      "version": "0.3.2",
      "resolved": "https://registry.npmjs.org/passport/-/passport-0.3.2.tgz",
      "integrity": "sha1-ndAJ+RXo/glbASSgG4+C2gdRAQI="
    },
    "passport-facebook": {
      "version": "2.1.1",
      "resolved": "https://registry.npmjs.org/passport-facebook/-/passport-facebook-2.1.1.tgz",
      "integrity": "sha1-w50LUq5NWRYyRaTiGnubYyEwMxE="
    },
    "passport-google-oauth": {
      "version": "1.0.0",
      "resolved": "https://registry.npmjs.org/passport-google-oauth/-/passport-google-oauth-1.0.0.tgz",
      "integrity": "sha1-ZfUGMxkq0GJ6GLCJYAdxCdhOt20="
    },
    "passport-local": {
      "version": "1.0.0",
      "resolved": "https://registry.npmjs.org/passport-local/-/passport-local-1.0.0.tgz",
      "integrity": "sha1-H+YyaMkudWBmJkN+O5BmYsFbpu4="
    },
    "passport-spotify": {
      "version": "0.3.1",
      "resolved": "https://registry.npmjs.org/passport-spotify/-/passport-spotify-0.3.1.tgz",
      "integrity": "sha1-7ds4+KTTDEHpsQd/PExmqXF0vns="
    },
    "passport-twitter": {
      "version": "1.0.4",
      "resolved": "https://registry.npmjs.org/passport-twitter/-/passport-twitter-1.0.4.tgz",
      "integrity": "sha1-AaeZ4fdgvy3knyul+6MigvGJMtc="
    },
    "reselect": {
      "version": "3.0.1",
      "resolved": "https://registry.npmjs.org/reselect/-/reselect-3.0.1.tgz",
      "integrity": "sha1-79qpjqdFEyTQkrKyFjpqHXqaIUc="
    }
  }
}
